
Microsoft Visual Studio Solution File, Format Version 12.00
# Visual Studio Version 17
VisualStudioVersion = 17.9.34728.123
MinimumVisualStudioVersion = 10.0.40219.1
Project("{FAE04EC0-301F-11D3-BF4B-00C04F79EFBC}") = "fruit-backend-project", "fruit-backend-project\fruit-backend-project.csproj", "{240DC681-A791-4524-82ED-C0823DDC89D6}"
EndProject
Global
	GlobalSection(SolutionConfigurationPlatforms) = preSolution
		Debug|Any CPU = Debug|Any CPU
		Release|Any CPU = Release|Any CPU
	EndGlobalSection
	GlobalSection(ProjectConfigurationPlatforms) = postSolution
		{240DC681-A791-4524-82ED-C0823DDC89D6}.Debug|Any CPU.ActiveCfg = Debug|Any CPU
		{240DC681-A791-4524-82ED-C0823DDC89D6}.Debug|Any CPU.Build.0 = Debug|Any CPU
		{240DC681-A791-4524-82ED-C0823DDC89D6}.Release|Any CPU.ActiveCfg = Release|Any CPU
		{240DC681-A791-4524-82ED-C0823DDC89D6}.Release|Any CPU.Build.0 = Release|Any CPU
	EndGlobalSection
	GlobalSection(SolutionProperties) = preSolution
		HideSolutionNode = FALSE
	EndGlobalSection
	GlobalSection(ExtensibilityGlobals) = postSolution
		SolutionGuid = {0D4A5D8A-6BCC-4541-8BB6-A2A7D2B2FBAC}
	EndGlobalSection
EndGlobal
